
Microsoft Visual Studio Solution File, Format Version 12.00
# Visual Studio 15
VisualStudioVersion = 15.0.26730.3
MinimumVisualStudioVersion = 10.0.40219.1
Project("{FAE04EC0-301F-11D3-BF4B-00C04F79EFBC}") = "AnnaAndSamGotHitched", "AnnaAndSamGotHitched\AnnaAndSamGotHitched.csproj", "{E3E5ED4B-170A-463C-AB2B-7DA217E2C2D7}"
EndProject
Global
	GlobalSection(SolutionConfigurationPlatforms) = preSolution
		Debug|Any CPU = Debug|Any CPU
		Release|Any CPU = Release|Any CPU
	EndGlobalSection
	GlobalSection(ProjectConfigurationPlatforms) = postSolution
		{E3E5ED4B-170A-463C-AB2B-7DA217E2C2D7}.Debug|Any CPU.ActiveCfg = Debug|Any CPU
		{E3E5ED4B-170A-463C-AB2B-7DA217E2C2D7}.Debug|Any CPU.Build.0 = Debug|Any CPU
		{E3E5ED4B-170A-463C-AB2B-7DA217E2C2D7}.Release|Any CPU.ActiveCfg = Release|Any CPU
		{E3E5ED4B-170A-463C-AB2B-7DA217E2C2D7}.Release|Any CPU.Build.0 = Release|Any CPU
	EndGlobalSection
	GlobalSection(SolutionProperties) = preSolution
		HideSolutionNode = FALSE
	EndGlobalSection
	GlobalSection(ExtensibilityGlobals) = postSolution
		SolutionGuid = {61FE79ED-C7C8-4FFD-8468-9ADA15906567}
	EndGlobalSection
EndGlobal
